
Microsoft Visual Studio Solution File, Format Version 12.00
# Visual Studio 15
VisualStudioVersion = 15.0.28307.168
MinimumVisualStudioVersion = 10.0.40219.1
Project("{FAE04EC0-301F-11D3-BF4B-00C04F79EFBC}") = "CheckConnection", "CheckConnection\CheckConnection.csproj", "{D4A1F230-DC4E-4766-918C-C48E8AE0FA37}"
EndProject
Global
	GlobalSection(SolutionConfigurationPlatforms) = preSolution
		Debug|Any CPU = Debug|Any CPU
		Release|Any CPU = Release|Any CPU
	EndGlobalSection
	GlobalSection(ProjectConfigurationPlatforms) = postSolution
		{D4A1F230-DC4E-4766-918C-C48E8AE0FA37}.Debug|Any CPU.ActiveCfg = Debug|Any CPU
		{D4A1F230-DC4E-4766-918C-C48E8AE0FA37}.Debug|Any CPU.Build.0 = Debug|Any CPU
		{D4A1F230-DC4E-4766-918C-C48E8AE0FA37}.Release|Any CPU.ActiveCfg = Release|Any CPU
		{D4A1F230-DC4E-4766-918C-C48E8AE0FA37}.Release|Any CPU.Build.0 = Release|Any CPU
	EndGlobalSection
	GlobalSection(SolutionProperties) = preSolution
		HideSolutionNode = FALSE
	EndGlobalSection
	GlobalSection(ExtensibilityGlobals) = postSolution
		SolutionGuid = {27CA08A9-3063-4982-B17E-DEB86C49BCE0}
	EndGlobalSection
EndGlobal
